
Microsoft Visual Studio Solution File, Format Version 12.00
# Visual Studio Version 17
VisualStudioVersion = 17.8.34511.84
MinimumVisualStudioVersion = 10.0.40219.1
Project("{FAE04EC0-301F-11D3-BF4B-00C04F79EFBC}") = "BookingSystem.Api", "BookingSystem.Api.csproj", "{3B699B43-984D-40AF-8EE7-BCE7885FC608}"
EndProject
Project("{2150E333-8FDC-42A3-9474-1A3956D46DE8}") = "src", "src", "{32808EDE-47A3-4CF8-929E-9919355D4D9B}"
EndProject
Global
	GlobalSection(SolutionConfigurationPlatforms) = preSolution
		Debug|Any CPU = Debug|Any CPU
		Release|Any CPU = Release|Any CPU
	EndGlobalSection
	GlobalSection(ProjectConfigurationPlatforms) = postSolution
		{3B699B43-984D-40AF-8EE7-BCE7885FC608}.Debug|Any CPU.ActiveCfg = Debug|Any CPU
		{3B699B43-984D-40AF-8EE7-BCE7885FC608}.Debug|Any CPU.Build.0 = Debug|Any CPU
		{3B699B43-984D-40AF-8EE7-BCE7885FC608}.Release|Any CPU.ActiveCfg = Release|Any CPU
		{3B699B43-984D-40AF-8EE7-BCE7885FC608}.Release|Any CPU.Build.0 = Release|Any CPU
	EndGlobalSection
	GlobalSection(SolutionProperties) = preSolution
		HideSolutionNode = FALSE
	EndGlobalSection
	GlobalSection(NestedProjects) = preSolution
		{3B699B43-984D-40AF-8EE7-BCE7885FC608} = {32808EDE-47A3-4CF8-929E-9919355D4D9B}
	EndGlobalSection
	GlobalSection(ExtensibilityGlobals) = postSolution
		SolutionGuid = {8C069A85-8094-4ED6-88F3-21E90E61752A}
	EndGlobalSection
EndGlobal
